
Microsoft Visual Studio Solution File, Format Version 12.00
# Visual Studio 14
VisualStudioVersion = 14.0.23107.0
MinimumVisualStudioVersion = 10.0.40219.1
Project("{FAE04EC0-301F-11D3-BF4B-00C04F79EFBC}") = "Hangman.Logic", "Hangman.Logic\Hangman.Logic.csproj", "{DE80F49A-6813-40FA-8ABF-1F5B3FE680AA}"
EndProject
Project("{FAE04EC0-301F-11D3-BF4B-00C04F79EFBC}") = "Hangman.Tests", "Hangman.tests\Hangman.Tests.csproj", "{23D2AB0D-F465-4648-9995-209D12582B3B}"
EndProject
Project("{FAE04EC0-301F-11D3-BF4B-00C04F79EFBC}") = "Hangman.ConsoleUI", "Hangman.UI\Hangman.ConsoleUI.csproj", "{3A4C9652-5CF6-4DDE-B163-BC1A19D7C479}"
EndProject
Global
	GlobalSection(SolutionConfigurationPlatforms) = preSolution
		Debug|Any CPU = Debug|Any CPU
		Debug|Mixed Platforms = Debug|Mixed Platforms
		Debug|x86 = Debug|x86
		Release|Any CPU = Release|Any CPU
		Release|Mixed Platforms = Release|Mixed Platforms
		Release|x86 = Release|x86
	EndGlobalSection
	GlobalSection(ProjectConfigurationPlatforms) = postSolution
		{DE80F49A-6813-40FA-8ABF-1F5B3FE680AA}.Debug|Any CPU.ActiveCfg = Debug|Any CPU
		{DE80F49A-6813-40FA-8ABF-1F5B3FE680AA}.Debug|Any CPU.Build.0 = Debug|Any CPU
		{DE80F49A-6813-40FA-8ABF-1F5B3FE680AA}.Debug|Mixed Platforms.ActiveCfg = Debug|Any CPU
		{DE80F49A-6813-40FA-8ABF-1F5B3FE680AA}.Debug|Mixed Platforms.Build.0 = Debug|Any CPU
		{DE80F49A-6813-40FA-8ABF-1F5B3FE680AA}.Debug|x86.ActiveCfg = Debug|Any CPU
		{DE80F49A-6813-40FA-8ABF-1F5B3FE680AA}.Release|Any CPU.ActiveCfg = Release|Any CPU
		{DE80F49A-6813-40FA-8ABF-1F5B3FE680AA}.Release|Any CPU.Build.0 = Release|Any CPU
		{DE80F49A-6813-40FA-8ABF-1F5B3FE680AA}.Release|Mixed Platforms.ActiveCfg = Release|Any CPU
		{DE80F49A-6813-40FA-8ABF-1F5B3FE680AA}.Release|Mixed Platforms.Build.0 = Release|Any CPU
		{DE80F49A-6813-40FA-8ABF-1F5B3FE680AA}.Release|x86.ActiveCfg = Release|Any CPU
		{23D2AB0D-F465-4648-9995-209D12582B3B}.Debug|Any CPU.ActiveCfg = Debug|Any CPU
		{23D2AB0D-F465-4648-9995-209D12582B3B}.Debug|Any CPU.Build.0 = Debug|Any CPU
		{23D2AB0D-F465-4648-9995-209D12582B3B}.Debug|Mixed Platforms.ActiveCfg = Debug|Any CPU
		{23D2AB0D-F465-4648-9995-209D12582B3B}.Debug|Mixed Platforms.Build.0 = Debug|Any CPU
		{23D2AB0D-F465-4648-9995-209D12582B3B}.Debug|x86.ActiveCfg = Debug|Any CPU
		{23D2AB0D-F465-4648-9995-209D12582B3B}.Release|Any CPU.ActiveCfg = Release|Any CPU
		{23D2AB0D-F465-4648-9995-209D12582B3B}.Release|Any CPU.Build.0 = Release|Any CPU
		{23D2AB0D-F465-4648-9995-209D12582B3B}.Release|Mixed Platforms.ActiveCfg = Release|Any CPU
		{23D2AB0D-F465-4648-9995-209D12582B3B}.Release|Mixed Platforms.Build.0 = Release|Any CPU
		{23D2AB0D-F465-4648-9995-209D12582B3B}.Release|x86.ActiveCfg = Release|Any CPU
		{3A4C9652-5CF6-4DDE-B163-BC1A19D7C479}.Debug|Any CPU.ActiveCfg = Debug|Any CPU
		{3A4C9652-5CF6-4DDE-B163-BC1A19D7C479}.Debug|Any CPU.Build.0 = Debug|Any CPU
		{3A4C9652-5CF6-4DDE-B163-BC1A19D7C479}.Debug|Mixed Platforms.ActiveCfg = Debug|Any CPU
		{3A4C9652-5CF6-4DDE-B163-BC1A19D7C479}.Debug|Mixed Platforms.Build.0 = Debug|Any CPU
		{3A4C9652-5CF6-4DDE-B163-BC1A19D7C479}.Debug|x86.ActiveCfg = Debug|Any CPU
		{3A4C9652-5CF6-4DDE-B163-BC1A19D7C479}.Debug|x86.Build.0 = Debug|Any CPU
		{3A4C9652-5CF6-4DDE-B163-BC1A19D7C479}.Release|Any CPU.ActiveCfg = Release|Any CPU
		{3A4C9652-5CF6-4DDE-B163-BC1A19D7C479}.Release|Any CPU.Build.0 = Release|Any CPU
		{3A4C9652-5CF6-4DDE-B163-BC1A19D7C479}.Release|Mixed Platforms.ActiveCfg = Release|Any CPU
		{3A4C9652-5CF6-4DDE-B163-BC1A19D7C479}.Release|Mixed Platforms.Build.0 = Release|Any CPU
		{3A4C9652-5CF6-4DDE-B163-BC1A19D7C479}.Release|x86.ActiveCfg = Release|Any CPU
		{3A4C9652-5CF6-4DDE-B163-BC1A19D7C479}.Release|x86.Build.0 = Release|Any CPU
	EndGlobalSection
	GlobalSection(SolutionProperties) = preSolution
		HideSolutionNode = FALSE
	EndGlobalSection
EndGlobal
